
Microsoft Visual Studio Solution File, Format Version 12.00
# Visual Studio Version 17
VisualStudioVersion = 17.3.32901.215
MinimumVisualStudioVersion = 10.0.40219.1
Project("{FAE04EC0-301F-11D3-BF4B-00C04F79EFBC}") = "PasswordAPI", "PasswordAPI\PasswordAPI.csproj", "{AB9DE03C-1841-425C-8DA8-07A92304D702}"
EndProject
Global
	GlobalSection(SolutionConfigurationPlatforms) = preSolution
		Debug|Any CPU = Debug|Any CPU
		Release|Any CPU = Release|Any CPU
	EndGlobalSection
	GlobalSection(ProjectConfigurationPlatforms) = postSolution
		{AB9DE03C-1841-425C-8DA8-07A92304D702}.Debug|Any CPU.ActiveCfg = Debug|Any CPU
		{AB9DE03C-1841-425C-8DA8-07A92304D702}.Debug|Any CPU.Build.0 = Debug|Any CPU
		{AB9DE03C-1841-425C-8DA8-07A92304D702}.Release|Any CPU.ActiveCfg = Release|Any CPU
		{AB9DE03C-1841-425C-8DA8-07A92304D702}.Release|Any CPU.Build.0 = Release|Any CPU
	EndGlobalSection
	GlobalSection(SolutionProperties) = preSolution
		HideSolutionNode = FALSE
	EndGlobalSection
	GlobalSection(ExtensibilityGlobals) = postSolution
		SolutionGuid = {A2CC3418-68FF-4969-926B-658F3FAEBE81}
	EndGlobalSection
EndGlobal
